
Microsoft Visual Studio Solution File, Format Version 12.00
# Visual Studio Version 17
VisualStudioVersion = 17.6.33815.320
MinimumVisualStudioVersion = 10.0.40219.1
Project("{9A19103F-16F7-4668-BE54-9A1E7A4F7556}") = "Space Invaders", "Space Invaders\Space Invaders.csproj", "{38994903-D965-419C-A7D1-BA4936A9F454}"
EndProject
Global
	GlobalSection(SolutionConfigurationPlatforms) = preSolution
		Debug|Any CPU = Debug|Any CPU
		Release|Any CPU = Release|Any CPU
	EndGlobalSection
	GlobalSection(ProjectConfigurationPlatforms) = postSolution
		{38994903-D965-419C-A7D1-BA4936A9F454}.Debug|Any CPU.ActiveCfg = Debug|Any CPU
		{38994903-D965-419C-A7D1-BA4936A9F454}.Debug|Any CPU.Build.0 = Debug|Any CPU
		{38994903-D965-419C-A7D1-BA4936A9F454}.Release|Any CPU.ActiveCfg = Release|Any CPU
		{38994903-D965-419C-A7D1-BA4936A9F454}.Release|Any CPU.Build.0 = Release|Any CPU
	EndGlobalSection
	GlobalSection(SolutionProperties) = preSolution
		HideSolutionNode = FALSE
	EndGlobalSection
	GlobalSection(ExtensibilityGlobals) = postSolution
		SolutionGuid = {B9AEB402-F4B8-4BD6-B0CC-8C0C233119A7}
	EndGlobalSection
EndGlobal
